
Microsoft Visual Studio Solution File, Format Version 12.00
# Visual Studio Version 16
VisualStudioVersion = 16.0.31911.196
MinimumVisualStudioVersion = 10.0.40219.1
Project("{FAE04EC0-301F-11D3-BF4B-00C04F79EFBC}") = "CourseDataManagement", "CourseDataManagement.csproj", "{6B7EF137-1E2C-448B-A9BC-58A211981046}"
EndProject
Global
	GlobalSection(SolutionConfigurationPlatforms) = preSolution
		Debug|Any CPU = Debug|Any CPU
		Release|Any CPU = Release|Any CPU
	EndGlobalSection
	GlobalSection(ProjectConfigurationPlatforms) = postSolution
		{6B7EF137-1E2C-448B-A9BC-58A211981046}.Debug|Any CPU.ActiveCfg = Debug|Any CPU
		{6B7EF137-1E2C-448B-A9BC-58A211981046}.Debug|Any CPU.Build.0 = Debug|Any CPU
		{6B7EF137-1E2C-448B-A9BC-58A211981046}.Release|Any CPU.ActiveCfg = Release|Any CPU
		{6B7EF137-1E2C-448B-A9BC-58A211981046}.Release|Any CPU.Build.0 = Release|Any CPU
	EndGlobalSection
	GlobalSection(SolutionProperties) = preSolution
		HideSolutionNode = FALSE
	EndGlobalSection
	GlobalSection(ExtensibilityGlobals) = postSolution
		SolutionGuid = {FA6C3E40-2891-45BE-B31F-636691256299}
	EndGlobalSection
EndGlobal
